
Microsoft Visual Studio Solution File, Format Version 12.00
# Visual Studio Version 17
VisualStudioVersion = 17.8.34525.116
MinimumVisualStudioVersion = 10.0.40219.1
Project("{9A19103F-16F7-4668-BE54-9A1E7A4F7556}") = "FlixOne.Web", "FlixOne.Web\FlixOne.Web.csproj", "{BF8C3EC3-B2ED-47ED-84FC-F2687C3828FB}"
EndProject
Global
	GlobalSection(SolutionConfigurationPlatforms) = preSolution
		Debug|Any CPU = Debug|Any CPU
		Release|Any CPU = Release|Any CPU
	EndGlobalSection
	GlobalSection(ProjectConfigurationPlatforms) = postSolution
		{BF8C3EC3-B2ED-47ED-84FC-F2687C3828FB}.Debug|Any CPU.ActiveCfg = Debug|Any CPU
		{BF8C3EC3-B2ED-47ED-84FC-F2687C3828FB}.Debug|Any CPU.Build.0 = Debug|Any CPU
		{BF8C3EC3-B2ED-47ED-84FC-F2687C3828FB}.Release|Any CPU.ActiveCfg = Release|Any CPU
		{BF8C3EC3-B2ED-47ED-84FC-F2687C3828FB}.Release|Any CPU.Build.0 = Release|Any CPU
	EndGlobalSection
	GlobalSection(SolutionProperties) = preSolution
		HideSolutionNode = FALSE
	EndGlobalSection
	GlobalSection(ExtensibilityGlobals) = postSolution
		SolutionGuid = {6A3E6FE2-8DB1-4AA0-98CC-EF8BCFFC887E}
	EndGlobalSection
EndGlobal
